# This file is automatically @generated by Cargo.
# It is not intended for manual editing.
version = 4

[[package]]
name = "fandhe-frontend-core"
version = "0.1.0"

[[package]]
name = "fandhe-frontend-example-headless-pre-styled-ui"
version = "0.1.0"
dependencies = [
 "fandhe-frontend-core",
 "fandhe-frontend-headless-ui",
]

[[package]]
name = "fandhe-frontend-headless-ui"
version = "0.1.0"
dependencies = [
 "fandhe-frontend-core",
 "fandhe-frontend-interactive",
]

[[package]]
name = "fandhe-frontend-interactive"
version = "0.1.0"
dependencies = [
 "fandhe-frontend-core",
]
