# This file is automatically @generated by Cargo.
# It is not intended for manual editing.
version = 4

[[package]]
name = "rws-app"
version = "0.1.0"
dependencies = [
 "rws-core",
]

[[package]]
name = "rws-core"
version = "0.1.0"

[[package]]
name = "rws-template-app"
version = "0.1.0"
dependencies = [
 "rws-app",
 "rws-core",
]
