# This file is automatically @generated by Cargo.
# It is not intended for manual editing.
version = 4

[[package]]
name = "fandhe-frontend-app"
version = "0.1.0"
dependencies = [
 "fandhe-frontend-core",
]

[[package]]
name = "fandhe-frontend-core"
version = "0.1.0"

[[package]]
name = "fandhe-frontend-template-app"
version = "0.1.0"
dependencies = [
 "fandhe-frontend-app",
 "fandhe-frontend-core",
]
