# This file is automatically @generated by Cargo.
# It is not intended for manual editing.
version = 4

[[package]]
name = "fandhe-frontend-core"
version = "0.4.3"
source = "registry+https://github.com/rust-lang/crates.io-index"
checksum = "6d3bd01b7d85a02498dc7765758d4429e7cb1bac61d386d22ccdd3d84a432e64"

[[package]]
name = "fandhe-frontend-example-wireframe-ui"
version = "0.1.0"
dependencies = [
 "fandhe-frontend-core",
 "fandhe-frontend-wireframe-ui",
]

[[package]]
name = "fandhe-frontend-wireframe-ui"
version = "0.52.0"
source = "registry+https://github.com/rust-lang/crates.io-index"
checksum = "9a24b37c5f72b7ed10782898064bd9881cf63d6fb5a0e2841383882c6a5cd89f"
dependencies = [
 "fandhe-frontend-core",
]
