# This file is automatically @generated by Cargo.
# It is not intended for manual editing.
version = 4

[[package]]
name = "fandhe-frontend-app"
version = "0.1.0"
source = "registry+https://github.com/rust-lang/crates.io-index"
checksum = "26370aaf609e7d4ca9685bdd834dac934cb4292e5731ad0603ac1ffa5590cf7d"
dependencies = [
 "fandhe-frontend-core",
]

[[package]]
name = "fandhe-frontend-core"
version = "0.1.0"
source = "registry+https://github.com/rust-lang/crates.io-index"
checksum = "85f638536b70d59dabcd12e0e3261ed5de4244849c9c8502de48c166bd507984"

[[package]]
name = "fandhe-frontend-example-interactive-view-transitions"
version = "0.1.0"
dependencies = [
 "fandhe-frontend-app",
 "fandhe-frontend-core",
 "fandhe-frontend-interactive",
]

[[package]]
name = "fandhe-frontend-interactive"
version = "0.1.0"
source = "registry+https://github.com/rust-lang/crates.io-index"
checksum = "1af0463bdfcc8909580272a64518440fc2eeecb1a837f1931fd5aee65dcc93c4"
dependencies = [
 "fandhe-frontend-core",
]
