# This file is automatically @generated by Cargo.
# It is not intended for manual editing.
version = 4

[[package]]
name = "fandhe-frontend-core"
version = "0.4.3"
source = "registry+https://github.com/rust-lang/crates.io-index"
checksum = "6d3bd01b7d85a02498dc7765758d4429e7cb1bac61d386d22ccdd3d84a432e64"

[[package]]
name = "fandhe-frontend-example-headless-pre-styled-ui"
version = "0.1.0"
dependencies = [
 "fandhe-frontend-core",
 "fandhe-frontend-pre-styled-ui",
]

[[package]]
name = "fandhe-frontend-headless-ui"
version = "0.65.0"
source = "registry+https://github.com/rust-lang/crates.io-index"
checksum = "b024dbc4b5b4102cc185e3dfef1dcc261cd7c7d214bf6c73b5dc894a576fc04f"
dependencies = [
 "fandhe-frontend-core",
 "fandhe-frontend-interactive",
]

[[package]]
name = "fandhe-frontend-interactive"
version = "0.2.7"
source = "registry+https://github.com/rust-lang/crates.io-index"
checksum = "4ae9058e3ebba965618627ad4ccc57244b588dbcfcbba80268fa1c038fe5a679"
dependencies = [
 "fandhe-frontend-core",
]

[[package]]
name = "fandhe-frontend-pre-styled-ui"
version = "0.119.1"
source = "registry+https://github.com/rust-lang/crates.io-index"
checksum = "f3b232f4965102367db3bcee6f8a5ae2e4b43b49a3e1320a4105d6afb7666096"
dependencies = [
 "fandhe-frontend-headless-ui",
]
