# This file is automatically @generated by Cargo.
# It is not intended for manual editing.
version = 4

[[package]]
name = "fandhe-frontend-core"
version = "0.1.0"
source = "registry+https://github.com/rust-lang/crates.io-index"
checksum = "85f638536b70d59dabcd12e0e3261ed5de4244849c9c8502de48c166bd507984"

[[package]]
name = "fandhe-frontend-example-headless-pre-styled-ui"
version = "0.1.0"
dependencies = [
 "fandhe-frontend-core",
 "fandhe-frontend-headless-ui",
]

[[package]]
name = "fandhe-frontend-headless-ui"
version = "0.1.0"
source = "registry+https://github.com/rust-lang/crates.io-index"
checksum = "bc075cc0f91c02d853aa1606f24c126ce946d824a05ca39e87186256e96eb9b9"
dependencies = [
 "fandhe-frontend-core",
 "fandhe-frontend-interactive",
]

[[package]]
name = "fandhe-frontend-interactive"
version = "0.1.0"
source = "registry+https://github.com/rust-lang/crates.io-index"
checksum = "1af0463bdfcc8909580272a64518440fc2eeecb1a837f1931fd5aee65dcc93c4"
dependencies = [
 "fandhe-frontend-core",
]
