# This file is automatically @generated by Cargo.
# It is not intended for manual editing.
version = 4

[[package]]
name = "fandhe-frontend-core"
version = "0.2.0"
source = "registry+https://github.com/rust-lang/crates.io-index"
checksum = "b59c572fd734c7f4dba115ccd979ae295b9dc96b3d49a710847d6b874979d580"

[[package]]
name = "fandhe-frontend-example-headless-pre-styled-ui"
version = "0.1.0"
dependencies = [
 "fandhe-frontend-core",
 "fandhe-frontend-pre-styled-ui",
]

[[package]]
name = "fandhe-frontend-headless-ui"
version = "0.28.0"
source = "registry+https://github.com/rust-lang/crates.io-index"
checksum = "0350c14432678d331bc47477d10a79efff59674673ab74205f75f57d32ab977f"
dependencies = [
 "fandhe-frontend-core",
 "fandhe-frontend-interactive",
]

[[package]]
name = "fandhe-frontend-interactive"
version = "0.2.0"
source = "registry+https://github.com/rust-lang/crates.io-index"
checksum = "60f11b5702a943165834f6ad8a2e9df4cb7ce6c5ab6c172921d3bb577feac1ec"
dependencies = [
 "fandhe-frontend-core",
]

[[package]]
name = "fandhe-frontend-pre-styled-ui"
version = "0.40.0"
source = "registry+https://github.com/rust-lang/crates.io-index"
checksum = "4a1736c965822328c03e48d5101147d34daa2c7fead2f5c141593c180f271c43"
dependencies = [
 "fandhe-frontend-headless-ui",
]
