# This file is automatically @generated by Cargo.
# It is not intended for manual editing.
version = 4

[[package]]
name = "fandhe-frontend-app"
version = "0.2.0"
source = "registry+https://github.com/rust-lang/crates.io-index"
checksum = "31eb06f8a8365b205904153e883210af60c51e52cf30a433f6a9c5c6c637e1eb"
dependencies = [
 "fandhe-frontend-core",
]

[[package]]
name = "fandhe-frontend-core"
version = "0.2.0"
source = "registry+https://github.com/rust-lang/crates.io-index"
checksum = "b59c572fd734c7f4dba115ccd979ae295b9dc96b3d49a710847d6b874979d580"

[[package]]
name = "fandhe-frontend-template-app"
version = "0.1.0"
dependencies = [
 "fandhe-frontend-app",
 "fandhe-frontend-core",
]
